
Microsoft Visual Studio Solution File, Format Version 12.00
# Visual Studio 15
VisualStudioVersion = 15.0.28010.2048
MinimumVisualStudioVersion = 10.0.40219.1
Project("{FAE04EC0-301F-11D3-BF4B-00C04F79EFBC}") = "HW17072019_WPF", "HW17072019_WPF\HW17072019_WPF.csproj", "{246FA6BD-38F3-4C6B-BEBC-1D86CF66730B}"
EndProject
Global
	GlobalSection(SolutionConfigurationPlatforms) = preSolution
		Debug|Any CPU = Debug|Any CPU
		Release|Any CPU = Release|Any CPU
	EndGlobalSection
	GlobalSection(ProjectConfigurationPlatforms) = postSolution
		{246FA6BD-38F3-4C6B-BEBC-1D86CF66730B}.Debug|Any CPU.ActiveCfg = Debug|Any CPU
		{246FA6BD-38F3-4C6B-BEBC-1D86CF66730B}.Debug|Any CPU.Build.0 = Debug|Any CPU
		{246FA6BD-38F3-4C6B-BEBC-1D86CF66730B}.Release|Any CPU.ActiveCfg = Release|Any CPU
		{246FA6BD-38F3-4C6B-BEBC-1D86CF66730B}.Release|Any CPU.Build.0 = Release|Any CPU
	EndGlobalSection
	GlobalSection(SolutionProperties) = preSolution
		HideSolutionNode = FALSE
	EndGlobalSection
	GlobalSection(ExtensibilityGlobals) = postSolution
		SolutionGuid = {66096637-455E-4532-AD72-9896F687912C}
	EndGlobalSection
EndGlobal
